{
    "_readme": [
        "This file locks the dependencies of your project to a known state",
        "Read more about it at http://getcomposer.org/doc/01-basic-usage.md#composer-lock-the-lock-file",
        "This file is @generated automatically"
    ],
    "hash": "6ee8189ed7c5c83fdef4bbcc9f5dd5e3",
    "packages": [
        {
            "name": "easybook/geshi",
            "version": "dev-master",
            "source": {
                "type": "git",
                "url": "https://github.com/easybook/geshi.git",
                "reference": "223c3ac0964472ef19027a064eef23ab0689c602"
            },
            "dist": {
                "type": "zip",
                "url": "https://api.github.com/repos/easybook/geshi/zipball/223c3ac0964472ef19027a064eef23ab0689c602",
                "reference": "223c3ac0964472ef19027a064eef23ab0689c602",
                "shasum": ""
            },
            "require": {
                "php": ">4.3.0"
            },
            "type": "library",
            "autoload": {
                "classmap": [
                    "./"
                ]
            },
            "notification-url": "https://packagist.org/downloads/",
            "license": [
                "GPL-2.0"
            ],
            "authors": [
                {
                    "name": "Benny Baumann",
                    "email": "BenBE@geshi.org",
                    "homepage": "http://blog.benny-baumann.de/",
                    "role": "Developer"
                },
                {
                    "name": "Nigel McNie",
                    "email": "nigel@geshi.org"
                }
            ],
            "description": "GeSHi - Generic Syntax Highlighter. This is an unmodified port of GeSHi project code found on SourceForge.",
            "homepage": "http://qbnz.com/highlighter",
            "keywords": [
                "highlight",
                "highlighter",
                "syntax"
            ],
            "time": "2014-05-11 07:59:00"
        },
        {
            "name": "michelf/php-markdown",
            "version": "1.3",
            "source": {
                "type": "git",
                "url": "https://github.com/michelf/php-markdown.git",
                "reference": "fcdd3e0781ae40c2b9847874e0755ff4f5559688"
            },
            "dist": {
                "type": "zip",
                "url": "https://api.github.com/repos/michelf/php-markdown/zipball/fcdd3e0781ae40c2b9847874e0755ff4f5559688",
                "reference": "fcdd3e0781ae40c2b9847874e0755ff4f5559688",
                "shasum": ""
            },
            "require": {
                "php": ">=5.3.0"
            },
            "type": "library",
            "extra": {
                "branch-alias": {
                    "dev-lib": "1.3.x-dev"
                }
            },
            "autoload": {
                "psr-0": {
                    "Michelf": ""
                }
            },
            "notification-url": "https://packagist.org/downloads/",
            "license": [
                "BSD-3-Clause"
            ],
            "authors": [
                {
                    "name": "Michel Fortin",
                    "email": "michel.fortin@michelf.ca",
                    "homepage": "http://michelf.ca/",
                    "role": "Developer"
                },
                {
                    "name": "John Gruber",
                    "homepage": "http://daringfireball.net/"
                }
            ],
            "description": "PHP Markdown",
            "homepage": "http://michelf.ca/projects/php-markdown/",
            "keywords": [
                "markdown"
            ],
            "time": "2013-04-11 18:53:11"
        },
        {
            "name": "mrclay/minify",
            "version": "dev-master",
            "source": {
                "type": "git",
                "url": "https://github.com/mrclay/minify.git",
                "reference": "fb3931f8cd54a637b2a42170c3a9a1c4da9e69a9"
            },
            "dist": {
                "type": "zip",
                "url": "https://api.github.com/repos/mrclay/minify/zipball/fb3931f8cd54a637b2a42170c3a9a1c4da9e69a9",
                "reference": "fb3931f8cd54a637b2a42170c3a9a1c4da9e69a9",
                "shasum": ""
            },
            "require": {
                "ext-pcre": "*",
                "php": ">=5.2.1"
            },
            "type": "library",
            "autoload": {
                "classmap": [
                    "min/lib/"
                ]
            },
            "notification-url": "https://packagist.org/downloads/",
            "license": [
                "BSD-3-Clause"
            ],
            "authors": [
                {
                    "name": "Steve Clay",
                    "email": "steve@mrclay.org",
                    "homepage": "http://www.mrclay.org/",
                    "role": "Developer"
                }
            ],
            "description": "Minify is a PHP5 app that helps you follow several rules for client-side performance. It combines multiple CSS or Javascript files, removes unnecessary whitespace and comments, and serves them with gzip encoding and optimal client-side cache headers",
            "homepage": "http://code.google.com/p/minify/",
            "time": "2014-04-03 23:53:48"
        },
        {
            "name": "swiftmailer/swiftmailer",
            "version": "v4.2.2",
            "source": {
                "type": "git",
                "url": "https://github.com/swiftmailer/swiftmailer.git",
                "reference": "e474a2227a192e44cfdbd3d127ae48eb51b3b365"
            },
            "dist": {
                "type": "zip",
                "url": "https://api.github.com/repos/swiftmailer/swiftmailer/zipball/e474a2227a192e44cfdbd3d127ae48eb51b3b365",
                "reference": "e474a2227a192e44cfdbd3d127ae48eb51b3b365",
                "shasum": ""
            },
            "require": {
                "php": ">=5.2.4"
            },
            "type": "library",
            "extra": {
                "branch-alias": {
                    "dev-master": "4.2-dev"
                }
            },
            "autoload": {
                "files": [
                    "lib/swift_required.php"
                ]
            },
            "notification-url": "https://packagist.org/downloads/",
            "license": [
                "LGPL"
            ],
            "authors": [
                {
                    "name": "Fabien Potencier",
                    "email": "fabien@symfony.com"
                },
                {
                    "name": "Chris Corbyn"
                }
            ],
            "description": "Swiftmailer, free feature-rich PHP mailer",
            "homepage": "http://swiftmailer.org",
            "keywords": [
                "mail",
                "mailer"
            ],
            "time": "2012-10-25 08:30:40"
        }
    ],
    "packages-dev": [
        {
            "name": "symfony/finder",
            "version": "dev-master",
            "target-dir": "Symfony/Component/Finder",
            "source": {
                "type": "git",
                "url": "https://github.com/symfony/Finder.git",
                "reference": "3329a4cb19075326ef2cc2abe848aa21b84905cf"
            },
            "dist": {
                "type": "zip",
                "url": "https://api.github.com/repos/symfony/Finder/zipball/3329a4cb19075326ef2cc2abe848aa21b84905cf",
                "reference": "3329a4cb19075326ef2cc2abe848aa21b84905cf",
                "shasum": ""
            },
            "require": {
                "php": ">=5.3.3"
            },
            "type": "library",
            "extra": {
                "branch-alias": {
                    "dev-master": "2.6-dev"
                }
            },
            "autoload": {
                "psr-0": {
                    "Symfony\\Component\\Finder\\": ""
                }
            },
            "notification-url": "https://packagist.org/downloads/",
            "license": [
                "MIT"
            ],
            "authors": [
                {
                    "name": "Symfony Community",
                    "homepage": "http://symfony.com/contributors"
                },
                {
                    "name": "Fabien Potencier",
                    "email": "fabien@symfony.com"
                }
            ],
            "description": "Symfony Finder Component",
            "homepage": "http://symfony.com",
            "time": "2014-07-28 13:20:53"
        }
    ],
    "aliases": [

    ],
    "minimum-stability": "stable",
    "stability-flags": {
        "mrclay/minify": 20,
        "easybook/geshi": 20,
        "symfony/finder": 20
    },
    "prefer-stable": false,
    "platform": [

    ],
    "platform-dev": [

    ]
}
